PATH
  remote: .
  specs:
    qt (0.1.0)
      ffi (~> 1.17)

GEM
  remote: https://rubygems.org/
  specs:
    ffi (1.17.3)
    ffi (1.17.3-x86_64-linux-gnu)
    minitest (5.27.0)
    rake (13.3.1)

PLATFORMS
  x86_64-linux

DEPENDENCIES
  minitest (~> 5.20)
  qt!
  rake (~> 13.0)

BUNDLED WITH
   2.7.1
